
Microsoft Visual Studio Solution File, Format Version 12.00
# Visual Studio 15
Project("{2150E333-8FDC-42A3-9474-1A3956D46DE8}") = "Microservices", "Microservices", "{487D6249-FEA0-4FE2-89F6-630442A5277E}"
EndProject
Project("{2150E333-8FDC-42A3-9474-1A3956D46DE8}") = "Domain", "Domain", "{643F09EF-A5D5-43A3-BF04-1A35FAE8D2EB}"
EndProject
Project("{2150E333-8FDC-42A3-9474-1A3956D46DE8}") = "Infra.Ioc", "Infra.Ioc", "{74494EAF-0C67-4935-BA9E-F0609DEB1C4D}"
EndProject
Project("{2150E333-8FDC-42A3-9474-1A3956D46DE8}") = "Infra.Bus", "Infra.Bus", "{1E903F3B-31E6-4D11-9185-3E8D4AC5EF08}"
EndProject
Project("{2150E333-8FDC-42A3-9474-1A3956D46DE8}") = "Presentation", "Presentation", "{B92DEA83-B204-4AF9-A4F0-6E5108332D14}"
EndProject
Project("{FAE04EC0-301F-11D3-BF4B-00C04F79EFBC}") = "MicroRabbit.Domain.Core", "MicroRabbit.Domain.Core\MicroRabbit.Domain.Core.csproj", "{512C323B-A0F3-4454-963B-B99B1640F42C}"
EndProject
Project("{FAE04EC0-301F-11D3-BF4B-00C04F79EFBC}") = "MicroRabbit.Infra.Bus", "MicroRabbit.Infra.Bus\MicroRabbit.Infra.Bus.csproj", "{F247332C-A66C-4770-8DBE-94296A4558DE}"
EndProject
Project("{FAE04EC0-301F-11D3-BF4B-00C04F79EFBC}") = "MicroRabbit.Infra.Ioc", "MicroRabbit.Infra.Ioc\MicroRabbit.Infra.Ioc.csproj", "{7E0EEAD1-BD25-4D6D-BCB9-BF14EA924E82}"
EndProject
Project("{2150E333-8FDC-42A3-9474-1A3956D46DE8}") = "Banking", "Banking", "{88487EB2-54D3-474F-B00C-8064257FE8AC}"
EndProject
Project("{2150E333-8FDC-42A3-9474-1A3956D46DE8}") = "Api", "Api", "{1C77D904-754B-436D-AAE4-40D2B9FFDD98}"
EndProject
Project("{2150E333-8FDC-42A3-9474-1A3956D46DE8}") = "Domain", "Domain", "{4D484621-68A9-425F-92BA-33401DD54023}"
EndProject
Project("{2150E333-8FDC-42A3-9474-1A3956D46DE8}") = "Application", "Application", "{5E7C14FA-1DBB-4C6D-9CE7-23C26F8F5E09}"
EndProject
Project("{2150E333-8FDC-42A3-9474-1A3956D46DE8}") = "Data", "Data", "{B5329064-4EFA-4A3A-9CFF-035088416C31}"
EndProject
Project("{FAE04EC0-301F-11D3-BF4B-00C04F79EFBC}") = "MicroRabbit.Banking.Api", "MicroRabbit.Banking.Api\MicroRabbit.Banking.Api.csproj", "{06700CC5-598B-40CD-9DE6-9796092BF1A5}"
EndProject
Project("{FAE04EC0-301F-11D3-BF4B-00C04F79EFBC}") = "MicroRabbit.Banking.Application", "MicroRabbit.Banking.Application\MicroRabbit.Banking.Application.csproj", "{4E8E5436-AF48-4E99-9B16-3A1ED1A6D2C1}"
EndProject
Project("{FAE04EC0-301F-11D3-BF4B-00C04F79EFBC}") = "MicroRabbit.Banking.Data", "MicroRabbit.Banking.Data\MicroRabbit.Banking.Data.csproj", "{8D5F8FEB-F134-486C-8ABD-29D3988AAC88}"
EndProject
Project("{FAE04EC0-301F-11D3-BF4B-00C04F79EFBC}") = "MicroRabbit.Banking.Domain", "MicroRabbit.Banking.Domain\MicroRabbit.Banking.Domain.csproj", "{06A49A4B-9E79-401D-9984-3C247C3786C2}"
EndProject
Global
	GlobalSection(SolutionConfigurationPlatforms) = preSolution
		Debug|Any CPU = Debug|Any CPU
		Release|Any CPU = Release|Any CPU
	EndGlobalSection
	GlobalSection(ProjectConfigurationPlatforms) = postSolution
		{512C323B-A0F3-4454-963B-B99B1640F42C}.Debug|Any CPU.ActiveCfg = Debug|Any CPU
		{512C323B-A0F3-4454-963B-B99B1640F42C}.Debug|Any CPU.Build.0 = Debug|Any CPU
		{512C323B-A0F3-4454-963B-B99B1640F42C}.Release|Any CPU.ActiveCfg = Release|Any CPU
		{512C323B-A0F3-4454-963B-B99B1640F42C}.Release|Any CPU.Build.0 = Release|Any CPU
		{F247332C-A66C-4770-8DBE-94296A4558DE}.Debug|Any CPU.ActiveCfg = Debug|Any CPU
		{F247332C-A66C-4770-8DBE-94296A4558DE}.Debug|Any CPU.Build.0 = Debug|Any CPU
		{F247332C-A66C-4770-8DBE-94296A4558DE}.Release|Any CPU.ActiveCfg = Release|Any CPU
		{F247332C-A66C-4770-8DBE-94296A4558DE}.Release|Any CPU.Build.0 = Release|Any CPU
		{7E0EEAD1-BD25-4D6D-BCB9-BF14EA924E82}.Debug|Any CPU.ActiveCfg = Debug|Any CPU
		{7E0EEAD1-BD25-4D6D-BCB9-BF14EA924E82}.Debug|Any CPU.Build.0 = Debug|Any CPU
		{7E0EEAD1-BD25-4D6D-BCB9-BF14EA924E82}.Release|Any CPU.ActiveCfg = Release|Any CPU
		{7E0EEAD1-BD25-4D6D-BCB9-BF14EA924E82}.Release|Any CPU.Build.0 = Release|Any CPU
		{06700CC5-598B-40CD-9DE6-9796092BF1A5}.Debug|Any CPU.ActiveCfg = Debug|Any CPU
		{06700CC5-598B-40CD-9DE6-9796092BF1A5}.Debug|Any CPU.Build.0 = Debug|Any CPU
		{06700CC5-598B-40CD-9DE6-9796092BF1A5}.Release|Any CPU.ActiveCfg = Release|Any CPU
		{06700CC5-598B-40CD-9DE6-9796092BF1A5}.Release|Any CPU.Build.0 = Release|Any CPU
		{4E8E5436-AF48-4E99-9B16-3A1ED1A6D2C1}.Debug|Any CPU.ActiveCfg = Debug|Any CPU
		{4E8E5436-AF48-4E99-9B16-3A1ED1A6D2C1}.Debug|Any CPU.Build.0 = Debug|Any CPU
		{4E8E5436-AF48-4E99-9B16-3A1ED1A6D2C1}.Release|Any CPU.ActiveCfg = Release|Any CPU
		{4E8E5436-AF48-4E99-9B16-3A1ED1A6D2C1}.Release|Any CPU.Build.0 = Release|Any CPU
		{8D5F8FEB-F134-486C-8ABD-29D3988AAC88}.Debug|Any CPU.ActiveCfg = Debug|Any CPU
		{8D5F8FEB-F134-486C-8ABD-29D3988AAC88}.Debug|Any CPU.Build.0 = Debug|Any CPU
		{8D5F8FEB-F134-486C-8ABD-29D3988AAC88}.Release|Any CPU.ActiveCfg = Release|Any CPU
		{8D5F8FEB-F134-486C-8ABD-29D3988AAC88}.Release|Any CPU.Build.0 = Release|Any CPU
		{06A49A4B-9E79-401D-9984-3C247C3786C2}.Debug|Any CPU.ActiveCfg = Debug|Any CPU
		{06A49A4B-9E79-401D-9984-3C247C3786C2}.Debug|Any CPU.Build.0 = Debug|Any CPU
		{06A49A4B-9E79-401D-9984-3C247C3786C2}.Release|Any CPU.ActiveCfg = Release|Any CPU
		{06A49A4B-9E79-401D-9984-3C247C3786C2}.Release|Any CPU.Build.0 = Release|Any CPU
	EndGlobalSection
	GlobalSection(NestedProjects) = preSolution
		{512C323B-A0F3-4454-963B-B99B1640F42C} = {643F09EF-A5D5-43A3-BF04-1A35FAE8D2EB}
		{F247332C-A66C-4770-8DBE-94296A4558DE} = {1E903F3B-31E6-4D11-9185-3E8D4AC5EF08}
		{7E0EEAD1-BD25-4D6D-BCB9-BF14EA924E82} = {74494EAF-0C67-4935-BA9E-F0609DEB1C4D}
		{88487EB2-54D3-474F-B00C-8064257FE8AC} = {487D6249-FEA0-4FE2-89F6-630442A5277E}
		{1C77D904-754B-436D-AAE4-40D2B9FFDD98} = {88487EB2-54D3-474F-B00C-8064257FE8AC}
		{4D484621-68A9-425F-92BA-33401DD54023} = {88487EB2-54D3-474F-B00C-8064257FE8AC}
		{5E7C14FA-1DBB-4C6D-9CE7-23C26F8F5E09} = {88487EB2-54D3-474F-B00C-8064257FE8AC}
		{B5329064-4EFA-4A3A-9CFF-035088416C31} = {88487EB2-54D3-474F-B00C-8064257FE8AC}
		{06700CC5-598B-40CD-9DE6-9796092BF1A5} = {1C77D904-754B-436D-AAE4-40D2B9FFDD98}
		{4E8E5436-AF48-4E99-9B16-3A1ED1A6D2C1} = {5E7C14FA-1DBB-4C6D-9CE7-23C26F8F5E09}
		{8D5F8FEB-F134-486C-8ABD-29D3988AAC88} = {B5329064-4EFA-4A3A-9CFF-035088416C31}
		{06A49A4B-9E79-401D-9984-3C247C3786C2} = {4D484621-68A9-425F-92BA-33401DD54023}
	EndGlobalSection
EndGlobal
