
Microsoft Visual Studio Solution File, Format Version 12.00
# Visual Studio 15
Project("{2150E333-8FDC-42A3-9474-1A3956D46DE8}") = "Microservices", "Microservices", "{487D6249-FEA0-4FE2-89F6-630442A5277E}"
EndProject
Project("{2150E333-8FDC-42A3-9474-1A3956D46DE8}") = "Domain", "Domain", "{643F09EF-A5D5-43A3-BF04-1A35FAE8D2EB}"
EndProject
Project("{2150E333-8FDC-42A3-9474-1A3956D46DE8}") = "Infra.Ioc", "Infra.Ioc", "{74494EAF-0C67-4935-BA9E-F0609DEB1C4D}"
EndProject
Project("{2150E333-8FDC-42A3-9474-1A3956D46DE8}") = "Infra.Bus", "Infra.Bus", "{1E903F3B-31E6-4D11-9185-3E8D4AC5EF08}"
EndProject
Project("{2150E333-8FDC-42A3-9474-1A3956D46DE8}") = "Presentation", "Presentation", "{B92DEA83-B204-4AF9-A4F0-6E5108332D14}"
EndProject
Project("{FAE04EC0-301F-11D3-BF4B-00C04F79EFBC}") = "MicroRabbit.Domain.Core", "MicroRabbit.Domain.Core\MicroRabbit.Domain.Core.csproj", "{512C323B-A0F3-4454-963B-B99B1640F42C}"
EndProject
Project("{FAE04EC0-301F-11D3-BF4B-00C04F79EFBC}") = "MicroRabbit.Infra.Bus", "MicroRabbit.Infra.Bus\MicroRabbit.Infra.Bus.csproj", "{F247332C-A66C-4770-8DBE-94296A4558DE}"
EndProject
Global
	GlobalSection(SolutionConfigurationPlatforms) = preSolution
		Debug|Any CPU = Debug|Any CPU
		Release|Any CPU = Release|Any CPU
	EndGlobalSection
	GlobalSection(ProjectConfigurationPlatforms) = postSolution
		{512C323B-A0F3-4454-963B-B99B1640F42C}.Debug|Any CPU.ActiveCfg = Debug|Any CPU
		{512C323B-A0F3-4454-963B-B99B1640F42C}.Debug|Any CPU.Build.0 = Debug|Any CPU
		{512C323B-A0F3-4454-963B-B99B1640F42C}.Release|Any CPU.ActiveCfg = Release|Any CPU
		{512C323B-A0F3-4454-963B-B99B1640F42C}.Release|Any CPU.Build.0 = Release|Any CPU
		{F247332C-A66C-4770-8DBE-94296A4558DE}.Debug|Any CPU.ActiveCfg = Debug|Any CPU
		{F247332C-A66C-4770-8DBE-94296A4558DE}.Debug|Any CPU.Build.0 = Debug|Any CPU
		{F247332C-A66C-4770-8DBE-94296A4558DE}.Release|Any CPU.ActiveCfg = Release|Any CPU
		{F247332C-A66C-4770-8DBE-94296A4558DE}.Release|Any CPU.Build.0 = Release|Any CPU
	EndGlobalSection
	GlobalSection(NestedProjects) = preSolution
		{512C323B-A0F3-4454-963B-B99B1640F42C} = {643F09EF-A5D5-43A3-BF04-1A35FAE8D2EB}
		{F247332C-A66C-4770-8DBE-94296A4558DE} = {1E903F3B-31E6-4D11-9185-3E8D4AC5EF08}
	EndGlobalSection
EndGlobal
